
Microsoft Visual Studio Solution File, Format Version 12.00
# Visual Studio Version 16
VisualStudioVersion = 16.0.29009.5
MinimumVisualStudioVersion = 10.0.40219.1
Project("{FAE04EC0-301F-11D3-BF4B-00C04F79EFBC}") = "blazor-phinug-test", "blazor-phinug-test\blazor-phinug-test.csproj", "{245348CE-49AD-4B8A-8ECD-9C146507DDE9}"
EndProject
Global
	GlobalSection(SolutionConfigurationPlatforms) = preSolution
		Debug|Any CPU = Debug|Any CPU
		Release|Any CPU = Release|Any CPU
	EndGlobalSection
	GlobalSection(ProjectConfigurationPlatforms) = postSolution
		{245348CE-49AD-4B8A-8ECD-9C146507DDE9}.Debug|Any CPU.ActiveCfg = Debug|Any CPU
		{245348CE-49AD-4B8A-8ECD-9C146507DDE9}.Debug|Any CPU.Build.0 = Debug|Any CPU
		{245348CE-49AD-4B8A-8ECD-9C146507DDE9}.Release|Any CPU.ActiveCfg = Release|Any CPU
		{245348CE-49AD-4B8A-8ECD-9C146507DDE9}.Release|Any CPU.Build.0 = Release|Any CPU
	EndGlobalSection
	GlobalSection(SolutionProperties) = preSolution
		HideSolutionNode = FALSE
	EndGlobalSection
	GlobalSection(ExtensibilityGlobals) = postSolution
		SolutionGuid = {9E347EC4-D491-4577-9867-4373F0D33DDF}
	EndGlobalSection
EndGlobal
